
Microsoft Visual Studio Solution File, Format Version 12.00
# Visual Studio Version 17
VisualStudioVersion = 17.7.34031.279
MinimumVisualStudioVersion = 10.0.40219.1
Project("{FAE04EC0-301F-11D3-BF4B-00C04F79EFBC}") = "Programa Final - Sistemas Operativos", "Programa Final - Sistemas Operativos\Programa Final - Sistemas Operativos.csproj", "{374B2CB4-B00C-45A8-A2DD-9EBBD332001B}"
EndProject
Global
	GlobalSection(SolutionConfigurationPlatforms) = preSolution
		Debug|Any CPU = Debug|Any CPU
		Release|Any CPU = Release|Any CPU
	EndGlobalSection
	GlobalSection(ProjectConfigurationPlatforms) = postSolution
		{374B2CB4-B00C-45A8-A2DD-9EBBD332001B}.Debug|Any CPU.ActiveCfg = Debug|Any CPU
		{374B2CB4-B00C-45A8-A2DD-9EBBD332001B}.Debug|Any CPU.Build.0 = Debug|Any CPU
		{374B2CB4-B00C-45A8-A2DD-9EBBD332001B}.Release|Any CPU.ActiveCfg = Release|Any CPU
		{374B2CB4-B00C-45A8-A2DD-9EBBD332001B}.Release|Any CPU.Build.0 = Release|Any CPU
	EndGlobalSection
	GlobalSection(SolutionProperties) = preSolution
		HideSolutionNode = FALSE
	EndGlobalSection
	GlobalSection(ExtensibilityGlobals) = postSolution
		SolutionGuid = {B6CA715F-3BC4-4870-A4FB-CAF64DB5C4C9}
	EndGlobalSection
EndGlobal
